// !$*UTF8*$!
{
	archiveVersion = 1;
	classes = {
	};
	objectVersion = 56;
	objects = {

/* Begin PBXBuildFile section */
		50730C7B2B5E54F3007E26F3 /* QuizViewAccessibility.swift in Sources */ = {isa = PBXBuildFile; fileRef = 50730C7A2B5E54F3007E26F3 /* QuizViewAccessibility.swift */; };
		50730C7D2B5E58F4007E26F3 /* QuizView-ViewModel.swift in Sources */ = {isa = PBXBuildFile; fileRef = 50730C7C2B5E58F4007E26F3 /* QuizView-ViewModel.swift */; };
		50730C7F2B62425E007E26F3 /* CardOverview.swift in Sources */ = {isa = PBXBuildFile; fileRef = 50730C7E2B62425E007E26F3 /* CardOverview.swift */; };
		50A722BA2B7BF7CE009AD7AB /* FlashCardListView.swift in Sources */ = {isa = PBXBuildFile; fileRef = 50A722B92B7BF7CE009AD7AB /* FlashCardListView.swift */; };
		50A722C12B7BFC24009AD7AB /* Global.swift in Sources */ = {isa = PBXBuildFile; fileRef = 50A722BC2B7BFC24009AD7AB /* Global.swift */; };
		50A722C22B7BFC24009AD7AB /* Shadows.swift in Sources */ = {isa = PBXBuildFile; fileRef = 50A722BD2B7BFC24009AD7AB /* Shadows.swift */; };
		50A722C32B7BFC24009AD7AB /* Translations.swift in Sources */ = {isa = PBXBuildFile; fileRef = 50A722BE2B7BFC24009AD7AB /* Translations.swift */; };
		50A722C42B7BFC24009AD7AB /* PrimaryButton.swift in Sources */ = {isa = PBXBuildFile; fileRef = 50A722BF2B7BFC24009AD7AB /* PrimaryButton.swift */; };
		50A722C52B7BFC24009AD7AB /* Colors+Flashzilla.swift in Sources */ = {isa = PBXBuildFile; fileRef = 50A722C02B7BFC24009AD7AB /* Colors+Flashzilla.swift */; };
		50A722C72B7BFEDC009AD7AB /* AddFlashCardView.swift in Sources */ = {isa = PBXBuildFile; fileRef = 50A722C62B7BFEDC009AD7AB /* AddFlashCardView.swift */; };
		50A722C92B7C020D009AD7AB /* FlashCardListView-ViewModel.swift in Sources */ = {isa = PBXBuildFile; fileRef = 50A722C82B7C020D009AD7AB /* FlashCardListView-ViewModel.swift */; };
		50A722CC2B7C03DE009AD7AB /* QuizView.swift in Sources */ = {isa = PBXBuildFile; fileRef = 50A722CB2B7C03DE009AD7AB /* QuizView.swift */; };
		50A722CE2B7C049D009AD7AB /* View+Stacked.swift in Sources */ = {isa = PBXBuildFile; fileRef = 50A722CD2B7C049D009AD7AB /* View+Stacked.swift */; };
		50A722D22B7C0769009AD7AB /* CardWrapper.swift in Sources */ = {isa = PBXBuildFile; fileRef = 50A722D12B7C0769009AD7AB /* CardWrapper.swift */; };
		50A722D42B7C07D5009AD7AB /* FileManager+SaveInDocuments.swift in Sources */ = {isa = PBXBuildFile; fileRef = 50A722D32B7C07D5009AD7AB /* FileManager+SaveInDocuments.swift */; };
		50A722D62B7C0FC0009AD7AB /* SavesModel.swift in Sources */ = {isa = PBXBuildFile; fileRef = 50A722D52B7C0FC0009AD7AB /* SavesModel.swift */; };
		8A68860E2A04794700DE1361 /* FlashzillaApp.swift in Sources */ = {isa = PBXBuildFile; fileRef = 8A68860D2A04794700DE1361 /* FlashzillaApp.swift */; };
		8A6886102A04794700DE1361 /* ContentView.swift in Sources */ = {isa = PBXBuildFile; fileRef = 8A68860F2A04794700DE1361 /* ContentView.swift */; };
		8A6886122A04794700DE1361 /* Assets.xcassets in Resources */ = {isa = PBXBuildFile; fileRef = 8A6886112A04794700DE1361 /* Assets.xcassets */; };
		8A6886152A04794700DE1361 /* Preview Assets.xcassets in Resources */ = {isa = PBXBuildFile; fileRef = 8A6886142A04794700DE1361 /* Preview Assets.xcassets */; };
		8A68861C2A04795D00DE1361 /* Card.swift in Sources */ = {isa = PBXBuildFile; fileRef = 8A68861B2A04795D00DE1361 /* Card.swift */; };
		8A68861E2A047A3300DE1361 /* CardView.swift in Sources */ = {isa = PBXBuildFile; fileRef = 8A68861D2A047A3300DE1361 /* CardView.swift */; };
		8A6886202A04A01700DE1361 /* EditCards.swift in Sources */ = {isa = PBXBuildFile; fileRef = 8A68861F2A04A01700DE1361 /* EditCards.swift */; };
/* End PBXBuildFile section */

/* Begin PBXFileReference section */
		50730C7A2B5E54F3007E26F3 /* QuizViewAccessibility.swift */ = {isa = PBXFileReference; lastKnownFileType = sourcecode.swift; path = QuizViewAccessibility.swift; sourceTree = "<group>"; };
		50730C7C2B5E58F4007E26F3 /* QuizView-ViewModel.swift */ = {isa = PBXFileReference; lastKnownFileType = sourcecode.swift; path = "QuizView-ViewModel.swift"; sourceTree = "<group>"; };
		50730C7E2B62425E007E26F3 /* CardOverview.swift */ = {isa = PBXFileReference; lastKnownFileType = sourcecode.swift; path = CardOverview.swift; sourceTree = "<group>"; };
		50A722B92B7BF7CE009AD7AB /* FlashCardListView.swift */ = {isa = PBXFileReference; lastKnownFileType = sourcecode.swift; path = FlashCardListView.swift; sourceTree = "<group>"; };
		50A722BC2B7BFC24009AD7AB /* Global.swift */ = {isa = PBXFileReference; fileEncoding = 4; lastKnownFileType = sourcecode.swift; path = Global.swift; sourceTree = "<group>"; };
		50A722BD2B7BFC24009AD7AB /* Shadows.swift */ = {isa = PBXFileReference; fileEncoding = 4; lastKnownFileType = sourcecode.swift; path = Shadows.swift; sourceTree = "<group>"; };
		50A722BE2B7BFC24009AD7AB /* Translations.swift */ = {isa = PBXFileReference; fileEncoding = 4; lastKnownFileType = sourcecode.swift; path = Translations.swift; sourceTree = "<group>"; };
		50A722BF2B7BFC24009AD7AB /* PrimaryButton.swift */ = {isa = PBXFileReference; fileEncoding = 4; lastKnownFileType = sourcecode.swift; path = PrimaryButton.swift; sourceTree = "<group>"; };
		50A722C02B7BFC24009AD7AB /* Colors+Flashzilla.swift */ = {isa = PBXFileReference; fileEncoding = 4; lastKnownFileType = sourcecode.swift; path = "Colors+Flashzilla.swift"; sourceTree = "<group>"; };
		50A722C62B7BFEDC009AD7AB /* AddFlashCardView.swift */ = {isa = PBXFileReference; lastKnownFileType = sourcecode.swift; path = AddFlashCardView.swift; sourceTree = "<group>"; };
		50A722C82B7C020D009AD7AB /* FlashCardListView-ViewModel.swift */ = {isa = PBXFileReference; lastKnownFileType = sourcecode.swift; path = "FlashCardListView-ViewModel.swift"; sourceTree = "<group>"; };
		50A722CB2B7C03DE009AD7AB /* QuizView.swift */ = {isa = PBXFileReference; lastKnownFileType = sourcecode.swift; path = QuizView.swift; sourceTree = "<group>"; };
		50A722CD2B7C049D009AD7AB /* View+Stacked.swift */ = {isa = PBXFileReference; lastKnownFileType = sourcecode.swift; path = "View+Stacked.swift"; sourceTree = "<group>"; };
		50A722D12B7C0769009AD7AB /* CardWrapper.swift */ = {isa = PBXFileReference; lastKnownFileType = sourcecode.swift; path = CardWrapper.swift; sourceTree = "<group>"; };
		50A722D32B7C07D5009AD7AB /* FileManager+SaveInDocuments.swift */ = {isa = PBXFileReference; lastKnownFileType = sourcecode.swift; path = "FileManager+SaveInDocuments.swift"; sourceTree = "<group>"; };
		50A722D52B7C0FC0009AD7AB /* SavesModel.swift */ = {isa = PBXFileReference; lastKnownFileType = sourcecode.swift; path = SavesModel.swift; sourceTree = "<group>"; };
		8A68860A2A04794700DE1361 /* Flashzilla.app */ = {isa = PBXFileReference; explicitFileType = wrapper.application; includeInIndex = 0; path = Flashzilla.app; sourceTree = BUILT_PRODUCTS_DIR; };
		8A68860D2A04794700DE1361 /* FlashzillaApp.swift */ = {isa = PBXFileReference; lastKnownFileType = sourcecode.swift; path = FlashzillaApp.swift; sourceTree = "<group>"; };
		8A68860F2A04794700DE1361 /* ContentView.swift */ = {isa = PBXFileReference; lastKnownFileType = sourcecode.swift; path = ContentView.swift; sourceTree = "<group>"; };
		8A6886112A04794700DE1361 /* Assets.xcassets */ = {isa = PBXFileReference; lastKnownFileType = folder.assetcatalog; path = Assets.xcassets; sourceTree = "<group>"; };
		8A6886142A04794700DE1361 /* Preview Assets.xcassets */ = {isa = PBXFileReference; lastKnownFileType = folder.assetcatalog; path = "Preview Assets.xcassets"; sourceTree = "<group>"; };
		8A68861B2A04795D00DE1361 /* Card.swift */ = {isa = PBXFileReference; lastKnownFileType = sourcecode.swift; path = Card.swift; sourceTree = "<group>"; };
		8A68861D2A047A3300DE1361 /* CardView.swift */ = {isa = PBXFileReference; lastKnownFileType = sourcecode.swift; path = CardView.swift; sourceTree = "<group>"; };
		8A68861F2A04A01700DE1361 /* EditCards.swift */ = {isa = PBXFileReference; lastKnownFileType = sourcecode.swift; path = EditCards.swift; sourceTree = "<group>"; };
/* End PBXFileReference section */

/* Begin PBXFrameworksBuildPhase section */
		8A6886072A04794700DE1361 /* Frameworks */ = {
			isa = PBXFrameworksBuildPhase;
			buildActionMask = 2147483647;
			files = (
			);
			runOnlyForDeploymentPostprocessing = 0;
		};
/* End PBXFrameworksBuildPhase section */

/* Begin PBXGroup section */
		50A722B82B7BF6AC009AD7AB /* FlashCards */ = {
			isa = PBXGroup;
			children = (
				50A722B92B7BF7CE009AD7AB /* FlashCardListView.swift */,
				50A722C82B7C020D009AD7AB /* FlashCardListView-ViewModel.swift */,
				50A722C62B7BFEDC009AD7AB /* AddFlashCardView.swift */,
			);
			path = FlashCards;
			sourceTree = "<group>";
		};
		50A722BB2B7BFC24009AD7AB /* DesignSystem */ = {
			isa = PBXGroup;
			children = (
				50A722BC2B7BFC24009AD7AB /* Global.swift */,
				50A722BD2B7BFC24009AD7AB /* Shadows.swift */,
				50A722BE2B7BFC24009AD7AB /* Translations.swift */,
				50A722BF2B7BFC24009AD7AB /* PrimaryButton.swift */,
				50A722C02B7BFC24009AD7AB /* Colors+Flashzilla.swift */,
			);
			name = DesignSystem;
			path = Flashzilla/DesignSystem;
			sourceTree = SOURCE_ROOT;
		};
		50A722CA2B7C03D2009AD7AB /* Quiz */ = {
			isa = PBXGroup;
			children = (
				50730C7A2B5E54F3007E26F3 /* QuizViewAccessibility.swift */,
				8A68861D2A047A3300DE1361 /* CardView.swift */,
				50A722CB2B7C03DE009AD7AB /* QuizView.swift */,
				50730C7C2B5E58F4007E26F3 /* QuizView-ViewModel.swift */,
			);
			path = Quiz;
			sourceTree = "<group>";
		};
		50A722CF2B7C04CE009AD7AB /* Extensions */ = {
			isa = PBXGroup;
			children = (
				50A722CD2B7C049D009AD7AB /* View+Stacked.swift */,
				50A722D32B7C07D5009AD7AB /* FileManager+SaveInDocuments.swift */,
			);
			path = Extensions;
			sourceTree = "<group>";
		};
		50A722D02B7C0756009AD7AB /* Models */ = {
			isa = PBXGroup;
			children = (
				8A68861B2A04795D00DE1361 /* Card.swift */,
				50A722D12B7C0769009AD7AB /* CardWrapper.swift */,
				50A722D52B7C0FC0009AD7AB /* SavesModel.swift */,
			);
			path = Models;
			sourceTree = "<group>";
		};
		8A6886012A04794700DE1361 = {
			isa = PBXGroup;
			children = (
				8A68860C2A04794700DE1361 /* Flashzilla */,
				8A68860B2A04794700DE1361 /* Products */,
			);
			sourceTree = "<group>";
		};
		8A68860B2A04794700DE1361 /* Products */ = {
			isa = PBXGroup;
			children = (
				8A68860A2A04794700DE1361 /* Flashzilla.app */,
			);
			name = Products;
			sourceTree = "<group>";
		};
		8A68860C2A04794700DE1361 /* Flashzilla */ = {
			isa = PBXGroup;
			children = (
				50A722D02B7C0756009AD7AB /* Models */,
				50A722CF2B7C04CE009AD7AB /* Extensions */,
				50A722CA2B7C03D2009AD7AB /* Quiz */,
				50A722BB2B7BFC24009AD7AB /* DesignSystem */,
				50A722B82B7BF6AC009AD7AB /* FlashCards */,
				8A68860D2A04794700DE1361 /* FlashzillaApp.swift */,
				8A68860F2A04794700DE1361 /* ContentView.swift */,
				8A68861F2A04A01700DE1361 /* EditCards.swift */,
				8A6886112A04794700DE1361 /* Assets.xcassets */,
				8A6886132A04794700DE1361 /* Preview Content */,
				50730C7E2B62425E007E26F3 /* CardOverview.swift */,
			);
			path = Flashzilla;
			sourceTree = "<group>";
		};
		8A6886132A04794700DE1361 /* Preview Content */ = {
			isa = PBXGroup;
			children = (
				8A6886142A04794700DE1361 /* Preview Assets.xcassets */,
			);
			path = "Preview Content";
			sourceTree = "<group>";
		};
/* End PBXGroup section */

/* Begin PBXNativeTarget section */
		8A6886092A04794700DE1361 /* Flashzilla */ = {
			isa = PBXNativeTarget;
			buildConfigurationList = 8A6886182A04794700DE1361 /* Build configuration list for PBXNativeTarget "Flashzilla" */;
			buildPhases = (
				8A6886062A04794700DE1361 /* Sources */,
				8A6886072A04794700DE1361 /* Frameworks */,
				8A6886082A04794700DE1361 /* Resources */,
			);
			buildRules = (
			);
			dependencies = (
			);
			name = Flashzilla;
			productName = Flashzilla;
			productReference = 8A68860A2A04794700DE1361 /* Flashzilla.app */;
			productType = "com.apple.product-type.application";
		};
/* End PBXNativeTarget section */

/* Begin PBXProject section */
		8A6886022A04794700DE1361 /* Project object */ = {
			isa = PBXProject;
			attributes = {
				BuildIndependentTargetsInParallel = 1;
				LastSwiftUpdateCheck = 1430;
				LastUpgradeCheck = 1520;
				TargetAttributes = {
					8A6886092A04794700DE1361 = {
						CreatedOnToolsVersion = 14.3;
					};
				};
			};
			buildConfigurationList = 8A6886052A04794700DE1361 /* Build configuration list for PBXProject "Flashzilla" */;
			compatibilityVersion = "Xcode 14.0";
			developmentRegion = en;
			hasScannedForEncodings = 0;
			knownRegions = (
				en,
				Base,
			);
			mainGroup = 8A6886012A04794700DE1361;
			productRefGroup = 8A68860B2A04794700DE1361 /* Products */;
			projectDirPath = "";
			projectRoot = "";
			targets = (
				8A6886092A04794700DE1361 /* Flashzilla */,
			);
		};
/* End PBXProject section */

/* Begin PBXResourcesBuildPhase section */
		8A6886082A04794700DE1361 /* Resources */ = {
			isa = PBXResourcesBuildPhase;
			buildActionMask = 2147483647;
			files = (
				8A6886152A04794700DE1361 /* Preview Assets.xcassets in Resources */,
				8A6886122A04794700DE1361 /* Assets.xcassets in Resources */,
			);
			runOnlyForDeploymentPostprocessing = 0;
		};
/* End PBXResourcesBuildPhase section */

/* Begin PBXSourcesBuildPhase section */
		8A6886062A04794700DE1361 /* Sources */ = {
			isa = PBXSourcesBuildPhase;
			buildActionMask = 2147483647;
			files = (
				50A722CE2B7C049D009AD7AB /* View+Stacked.swift in Sources */,
				50A722C72B7BFEDC009AD7AB /* AddFlashCardView.swift in Sources */,
				8A6886102A04794700DE1361 /* ContentView.swift in Sources */,
				50A722C22B7BFC24009AD7AB /* Shadows.swift in Sources */,
				8A68861C2A04795D00DE1361 /* Card.swift in Sources */,
				50A722D22B7C0769009AD7AB /* CardWrapper.swift in Sources */,
				50A722C52B7BFC24009AD7AB /* Colors+Flashzilla.swift in Sources */,
				8A68861E2A047A3300DE1361 /* CardView.swift in Sources */,
				8A6886202A04A01700DE1361 /* EditCards.swift in Sources */,
				50A722D62B7C0FC0009AD7AB /* SavesModel.swift in Sources */,
				50A722C42B7BFC24009AD7AB /* PrimaryButton.swift in Sources */,
				50A722D42B7C07D5009AD7AB /* FileManager+SaveInDocuments.swift in Sources */,
				8A68860E2A04794700DE1361 /* FlashzillaApp.swift in Sources */,
				50730C7D2B5E58F4007E26F3 /* QuizView-ViewModel.swift in Sources */,
				50A722C32B7BFC24009AD7AB /* Translations.swift in Sources */,
				50730C7F2B62425E007E26F3 /* CardOverview.swift in Sources */,
				50A722C92B7C020D009AD7AB /* FlashCardListView-ViewModel.swift in Sources */,
				50A722BA2B7BF7CE009AD7AB /* FlashCardListView.swift in Sources */,
				50A722C12B7BFC24009AD7AB /* Global.swift in Sources */,
				50A722CC2B7C03DE009AD7AB /* QuizView.swift in Sources */,
				50730C7B2B5E54F3007E26F3 /* QuizViewAccessibility.swift in Sources */,
			);
			runOnlyForDeploymentPostprocessing = 0;
		};
/* End PBXSourcesBuildPhase section */

/* Begin XCBuildConfiguration section */
		8A6886162A04794700DE1361 /* Debug */ = {
			isa = XCBuildConfiguration;
			buildSettings = {
				ALWAYS_SEARCH_USER_PATHS = NO;
				CLANG_ANALYZER_NONNULL = YES;
				CLANG_ANALYZER_NUMBER_OBJECT_CONVERSION = YES_AGGRESSIVE;
				CLANG_CXX_LANGUAGE_STANDARD = "gnu++20";
				CLANG_ENABLE_MODULES = YES;
				CLANG_ENABLE_OBJC_ARC = YES;
				CLANG_ENABLE_OBJC_WEAK = YES;
				CLANG_WARN_BLOCK_CAPTURE_AUTORELEASING = YES;
				CLANG_WARN_BOOL_CONVERSION = YES;
				CLANG_WARN_COMMA = YES;
				CLANG_WARN_CONSTANT_CONVERSION = YES;
				CLANG_WARN_DEPRECATED_OBJC_IMPLEMENTATIONS = YES;
				CLANG_WARN_DIRECT_OBJC_ISA_USAGE = YES_ERROR;
				CLANG_WARN_DOCUMENTATION_COMMENTS = YES;
				CLANG_WARN_EMPTY_BODY = YES;
				CLANG_WARN_ENUM_CONVERSION = YES;
				CLANG_WARN_INFINITE_RECURSION = YES;
				CLANG_WARN_INT_CONVERSION = YES;
				CLANG_WARN_NON_LITERAL_NULL_CONVERSION = YES;
				CLANG_WARN_OBJC_IMPLICIT_RETAIN_SELF = YES;
				CLANG_WARN_OBJC_LITERAL_CONVERSION = YES;
				CLANG_WARN_OBJC_ROOT_CLASS = YES_ERROR;
				CLANG_WARN_QUOTED_INCLUDE_IN_FRAMEWORK_HEADER = YES;
				CLANG_WARN_RANGE_LOOP_ANALYSIS = YES;
				CLANG_WARN_STRICT_PROTOTYPES = YES;
				CLANG_WARN_SUSPICIOUS_MOVE = YES;
				CLANG_WARN_UNGUARDED_AVAILABILITY = YES_AGGRESSIVE;
				CLANG_WARN_UNREACHABLE_CODE = YES;
				CLANG_WARN__DUPLICATE_METHOD_MATCH = YES;
				COPY_PHASE_STRIP = NO;
				DEBUG_INFORMATION_FORMAT = dwarf;
				ENABLE_STRICT_OBJC_MSGSEND = YES;
				ENABLE_TESTABILITY = YES;
				ENABLE_USER_SCRIPT_SANDBOXING = YES;
				GCC_C_LANGUAGE_STANDARD = gnu11;
				GCC_DYNAMIC_NO_PIC = NO;
				GCC_NO_COMMON_BLOCKS = YES;
				GCC_OPTIMIZATION_LEVEL = 0;
				GCC_PREPROCESSOR_DEFINITIONS = (
					"DEBUG=1",
					"$(inherited)",
				);
				GCC_WARN_64_TO_32_BIT_CONVERSION = YES;
				GCC_WARN_ABOUT_RETURN_TYPE = YES_ERROR;
				GCC_WARN_UNDECLARED_SELECTOR = YES;
				GCC_WARN_UNINITIALIZED_AUTOS = YES_AGGRESSIVE;
				GCC_WARN_UNUSED_FUNCTION = YES;
				GCC_WARN_UNUSED_VARIABLE = YES;
				IPHONEOS_DEPLOYMENT_TARGET = 16.4;
				MTL_ENABLE_DEBUG_INFO = INCLUDE_SOURCE;
				MTL_FAST_MATH = YES;
				ONLY_ACTIVE_ARCH = YES;
				SDKROOT = iphoneos;
				SWIFT_ACTIVE_COMPILATION_CONDITIONS = DEBUG;
				SWIFT_OPTIMIZATION_LEVEL = "-Onone";
			};
			name = Debug;
		};
		8A6886172A04794700DE1361 /* Release */ = {
			isa = XCBuildConfiguration;
			buildSettings = {
				ALWAYS_SEARCH_USER_PATHS = NO;
				CLANG_ANALYZER_NONNULL = YES;
				CLANG_ANALYZER_NUMBER_OBJECT_CONVERSION = YES_AGGRESSIVE;
				CLANG_CXX_LANGUAGE_STANDARD = "gnu++20";
				CLANG_ENABLE_MODULES = YES;
				CLANG_ENABLE_OBJC_ARC = YES;
				CLANG_ENABLE_OBJC_WEAK = YES;
				CLANG_WARN_BLOCK_CAPTURE_AUTORELEASING = YES;
				CLANG_WARN_BOOL_CONVERSION = YES;
				CLANG_WARN_COMMA = YES;
				CLANG_WARN_CONSTANT_CONVERSION = YES;
				CLANG_WARN_DEPRECATED_OBJC_IMPLEMENTATIONS = YES;
				CLANG_WARN_DIRECT_OBJC_ISA_USAGE = YES_ERROR;
				CLANG_WARN_DOCUMENTATION_COMMENTS = YES;
				CLANG_WARN_EMPTY_BODY = YES;
				CLANG_WARN_ENUM_CONVERSION = YES;
				CLANG_WARN_INFINITE_RECURSION = YES;
				CLANG_WARN_INT_CONVERSION = YES;
				CLANG_WARN_NON_LITERAL_NULL_CONVERSION = YES;
				CLANG_WARN_OBJC_IMPLICIT_RETAIN_SELF = YES;
				CLANG_WARN_OBJC_LITERAL_CONVERSION = YES;
				CLANG_WARN_OBJC_ROOT_CLASS = YES_ERROR;
				CLANG_WARN_QUOTED_INCLUDE_IN_FRAMEWORK_HEADER = YES;
				CLANG_WARN_RANGE_LOOP_ANALYSIS = YES;
				CLANG_WARN_STRICT_PROTOTYPES = YES;
				CLANG_WARN_SUSPICIOUS_MOVE = YES;
				CLANG_WARN_UNGUARDED_AVAILABILITY = YES_AGGRESSIVE;
				CLANG_WARN_UNREACHABLE_CODE = YES;
				CLANG_WARN__DUPLICATE_METHOD_MATCH = YES;
				COPY_PHASE_STRIP = NO;
				DEBUG_INFORMATION_FORMAT = "dwarf-with-dsym";
				ENABLE_NS_ASSERTIONS = NO;
				ENABLE_STRICT_OBJC_MSGSEND = YES;
				ENABLE_USER_SCRIPT_SANDBOXING = YES;
				GCC_C_LANGUAGE_STANDARD = gnu11;
				GCC_NO_COMMON_BLOCKS = YES;
				GCC_WARN_64_TO_32_BIT_CONVERSION = YES;
				GCC_WARN_ABOUT_RETURN_TYPE = YES_ERROR;
				GCC_WARN_UNDECLARED_SELECTOR = YES;
				GCC_WARN_UNINITIALIZED_AUTOS = YES_AGGRESSIVE;
				GCC_WARN_UNUSED_FUNCTION = YES;
				GCC_WARN_UNUSED_VARIABLE = YES;
				IPHONEOS_DEPLOYMENT_TARGET = 16.4;
				MTL_ENABLE_DEBUG_INFO = NO;
				MTL_FAST_MATH = YES;
				SDKROOT = iphoneos;
				SWIFT_COMPILATION_MODE = wholemodule;
				SWIFT_OPTIMIZATION_LEVEL = "-O";
				VALIDATE_PRODUCT = YES;
			};
			name = Release;
		};
		8A6886192A04794700DE1361 /* Debug */ = {
			isa = XCBuildConfiguration;
			buildSettings = {
				ASSETCATALOG_COMPILER_APPICON_NAME = AppIcon;
				ASSETCATALOG_COMPILER_GLOBAL_ACCENT_COLOR_NAME = AccentColor;
				CODE_SIGN_STYLE = Automatic;
				CURRENT_PROJECT_VERSION = 1;
				DEVELOPMENT_ASSET_PATHS = "\"Flashzilla/Preview Content\"";
				DEVELOPMENT_TEAM = ZJZ78A5LE4;
				ENABLE_PREVIEWS = YES;
				GENERATE_INFOPLIST_FILE = YES;
				INFOPLIST_KEY_CFBundleDisplayName = StudyStack;
				INFOPLIST_KEY_LSApplicationCategoryType = "public.app-category.education";
				INFOPLIST_KEY_UIApplicationSceneManifest_Generation = YES;
				INFOPLIST_KEY_UIApplicationSupportsIndirectInputEvents = YES;
				INFOPLIST_KEY_UILaunchScreen_Generation = YES;
				INFOPLIST_KEY_UIStatusBarStyle = "";
				INFOPLIST_KEY_UISupportedInterfaceOrientations = "UIInterfaceOrientationLandscapeLeft UIInterfaceOrientationLandscapeRight UIInterfaceOrientationPortrait UIInterfaceOrientationPortraitUpsideDown";
				LD_RUNPATH_SEARCH_PATHS = (
					"$(inherited)",
					"@executable_path/Frameworks",
				);
				MARKETING_VERSION = 1.0;
				PRODUCT_BUNDLE_IDENTIFIER = com.mberndt.Flashzilla;
				PRODUCT_NAME = "$(TARGET_NAME)";
				SUPPORTED_PLATFORMS = "iphoneos iphonesimulator";
				SUPPORTS_MACCATALYST = NO;
				SUPPORTS_XR_DESIGNED_FOR_IPHONE_IPAD = NO;
				SWIFT_EMIT_LOC_STRINGS = YES;
				SWIFT_VERSION = 5.0;
				TARGETED_DEVICE_FAMILY = "1,2";
			};
			name = Debug;
		};
		8A68861A2A04794700DE1361 /* Release */ = {
			isa = XCBuildConfiguration;
			buildSettings = {
				ASSETCATALOG_COMPILER_APPICON_NAME = AppIcon;
				ASSETCATALOG_COMPILER_GLOBAL_ACCENT_COLOR_NAME = AccentColor;
				CODE_SIGN_STYLE = Automatic;
				CURRENT_PROJECT_VERSION = 1;
				DEVELOPMENT_ASSET_PATHS = "\"Flashzilla/Preview Content\"";
				DEVELOPMENT_TEAM = ZJZ78A5LE4;
				ENABLE_PREVIEWS = YES;
				GENERATE_INFOPLIST_FILE = YES;
				INFOPLIST_KEY_CFBundleDisplayName = StudyStack;
				INFOPLIST_KEY_LSApplicationCategoryType = "public.app-category.education";
				INFOPLIST_KEY_UIApplicationSceneManifest_Generation = YES;
				INFOPLIST_KEY_UIApplicationSupportsIndirectInputEvents = YES;
				INFOPLIST_KEY_UILaunchScreen_Generation = YES;
				INFOPLIST_KEY_UIStatusBarStyle = "";
				INFOPLIST_KEY_UISupportedInterfaceOrientations = "UIInterfaceOrientationLandscapeLeft UIInterfaceOrientationLandscapeRight UIInterfaceOrientationPortrait UIInterfaceOrientationPortraitUpsideDown";
				LD_RUNPATH_SEARCH_PATHS = (
					"$(inherited)",
					"@executable_path/Frameworks",
				);
				MARKETING_VERSION = 1.0;
				PRODUCT_BUNDLE_IDENTIFIER = com.mberndt.Flashzilla;
				PRODUCT_NAME = "$(TARGET_NAME)";
				SUPPORTED_PLATFORMS = "iphoneos iphonesimulator";
				SUPPORTS_MACCATALYST = NO;
				SUPPORTS_XR_DESIGNED_FOR_IPHONE_IPAD = NO;
				SWIFT_EMIT_LOC_STRINGS = YES;
				SWIFT_VERSION = 5.0;
				TARGETED_DEVICE_FAMILY = "1,2";
			};
			name = Release;
		};
/* End XCBuildConfiguration section */

/* Begin XCConfigurationList section */
		8A6886052A04794700DE1361 /* Build configuration list for PBXProject "Flashzilla" */ = {
			isa = XCConfigurationList;
			buildConfigurations = (
				8A6886162A04794700DE1361 /* Debug */,
				8A6886172A04794700DE1361 /* Release */,
			);
			defaultConfigurationIsVisible = 0;
			defaultConfigurationName = Release;
		};
		8A6886182A04794700DE1361 /* Build configuration list for PBXNativeTarget "Flashzilla" */ = {
			isa = XCConfigurationList;
			buildConfigurations = (
				8A6886192A04794700DE1361 /* Debug */,
				8A68861A2A04794700DE1361 /* Release */,
			);
			defaultConfigurationIsVisible = 0;
			defaultConfigurationName = Release;
		};
/* End XCConfigurationList section */
	};
	rootObject = 8A6886022A04794700DE1361 /* Project object */;
}
